
Microsoft Visual Studio Solution File, Format Version 12.00
# Visual Studio Version 17
VisualStudioVersion = 17.5.33627.172
MinimumVisualStudioVersion = 10.0.40219.1
Project("{FAE04EC0-301F-11D3-BF4B-00C04F79EFBC}") = "BeahvioralDesignDemo_Iterator", "BeahvioralDesignDemo_Iterator\BeahvioralDesignDemo_Iterator.csproj", "{0EAE207E-DBE1-4A28-B1F9-5CA77DC5C0D8}"
EndProject
Global
	GlobalSection(SolutionConfigurationPlatforms) = preSolution
		Debug|Any CPU = Debug|Any CPU
		Release|Any CPU = Release|Any CPU
	EndGlobalSection
	GlobalSection(ProjectConfigurationPlatforms) = postSolution
		{0EAE207E-DBE1-4A28-B1F9-5CA77DC5C0D8}.Debug|Any CPU.ActiveCfg = Debug|Any CPU
		{0EAE207E-DBE1-4A28-B1F9-5CA77DC5C0D8}.Debug|Any CPU.Build.0 = Debug|Any CPU
		{0EAE207E-DBE1-4A28-B1F9-5CA77DC5C0D8}.Release|Any CPU.ActiveCfg = Release|Any CPU
		{0EAE207E-DBE1-4A28-B1F9-5CA77DC5C0D8}.Release|Any CPU.Build.0 = Release|Any CPU
	EndGlobalSection
	GlobalSection(SolutionProperties) = preSolution
		HideSolutionNode = FALSE
	EndGlobalSection
	GlobalSection(ExtensibilityGlobals) = postSolution
		SolutionGuid = {4BCD8D29-DBA9-42E6-B507-508989D6193E}
	EndGlobalSection
EndGlobal
